// !$*UTF8*$!
{
	archiveVersion = 1;
	classes = {
	};
	objectVersion = 51;
	objects = {

/* Begin PBXBuildFile section */
		DE382ECD26B43CDA009FD6C1 /* LoginViewModel.swift in Sources */ = {isa = PBXBuildFile; fileRef = DE382ECC26B43CDA009FD6C1 /* LoginViewModel.swift */; };
		DE382ED426B43CFE009FD6C1 /* SignUpViewController.swift in Sources */ = {isa = PBXBuildFile; fileRef = DE382ECF26B43CFE009FD6C1 /* SignUpViewController.swift */; };
		DE382ED526B43CFE009FD6C1 /* RecoverPasswordViewController.swift in Sources */ = {isa = PBXBuildFile; fileRef = DE382ED026B43CFE009FD6C1 /* RecoverPasswordViewController.swift */; };
		DE382ED726B43CFE009FD6C1 /* StartViewController.swift in Sources */ = {isa = PBXBuildFile; fileRef = DE382ED226B43CFE009FD6C1 /* StartViewController.swift */; };
		DE382ED826B43CFE009FD6C1 /* LoginViewController.swift in Sources */ = {isa = PBXBuildFile; fileRef = DE382ED326B43CFE009FD6C1 /* LoginViewController.swift */; };
		DE382EDF26B43D60009FD6C1 /* Home.storyboard in Resources */ = {isa = PBXBuildFile; fileRef = DE382EDE26B43D60009FD6C1 /* Home.storyboard */; };
		DE382EE126B44143009FD6C1 /* GoogleService-Info.plist in Resources */ = {isa = PBXBuildFile; fileRef = DE382EE026B44143009FD6C1 /* GoogleService-Info.plist */; };
		DE3B082126C40EA4001008C9 /* String+Extension.swift in Sources */ = {isa = PBXBuildFile; fileRef = DE3B082026C40EA4001008C9 /* String+Extension.swift */; };
		DE4324FB2693AE3300AFE3AD /* AppDelegate.swift in Sources */ = {isa = PBXBuildFile; fileRef = DE4324FA2693AE3300AFE3AD /* AppDelegate.swift */; };
		DE4324FD2693AE3300AFE3AD /* SceneDelegate.swift in Sources */ = {isa = PBXBuildFile; fileRef = DE4324FC2693AE3300AFE3AD /* SceneDelegate.swift */; };
		DE4325042693AE3400AFE3AD /* Assets.xcassets in Resources */ = {isa = PBXBuildFile; fileRef = DE4325032693AE3400AFE3AD /* Assets.xcassets */; };
		DE4325072693AE3400AFE3AD /* LaunchScreen.storyboard in Resources */ = {isa = PBXBuildFile; fileRef = DE4325052693AE3400AFE3AD /* LaunchScreen.storyboard */; };
		DE866C2626D0049000F453BF /* StartViewModel.swift in Sources */ = {isa = PBXBuildFile; fileRef = DE866C2526D0049000F453BF /* StartViewModel.swift */; };
		DE981D3926BD6AE1009B1EFC /* SignUpViewModel.swift in Sources */ = {isa = PBXBuildFile; fileRef = DE981D3826BD6AE1009B1EFC /* SignUpViewModel.swift */; };
		DE981D3B26BD6B0E009B1EFC /* HomeViewController.swift in Sources */ = {isa = PBXBuildFile; fileRef = DE981D3A26BD6B0E009B1EFC /* HomeViewController.swift */; };
		DE981D3D26BD7234009B1EFC /* Colors.xcassets in Resources */ = {isa = PBXBuildFile; fileRef = DE981D3C26BD7234009B1EFC /* Colors.xcassets */; };
		DEB0FBBA26CEB02800004086 /* Storyboardable.swift in Sources */ = {isa = PBXBuildFile; fileRef = DEB0FBB926CEB02800004086 /* Storyboardable.swift */; };
		DEC7A39D26CA9A830008080E /* RecoverPasswordViewModel.swift in Sources */ = {isa = PBXBuildFile; fileRef = DEC7A39C26CA9A830008080E /* RecoverPasswordViewModel.swift */; };
		DEC8135F26CC28B2002CCC10 /* Coordinator.swift in Sources */ = {isa = PBXBuildFile; fileRef = DEC8135E26CC28B2002CCC10 /* Coordinator.swift */; };
		DEC8136126CC2962002CCC10 /* ApplicationCoordinator.swift in Sources */ = {isa = PBXBuildFile; fileRef = DEC8136026CC2962002CCC10 /* ApplicationCoordinator.swift */; };
		DED09EC026B819F3006E93E4 /* UIViewController+Extension.swift in Sources */ = {isa = PBXBuildFile; fileRef = DED09EBF26B819F3006E93E4 /* UIViewController+Extension.swift */; };
		DEF6188C26CD488E00509D35 /* StartCoordinator.swift in Sources */ = {isa = PBXBuildFile; fileRef = DEC8136226CC2A51002CCC10 /* StartCoordinator.swift */; };
		DEF6188E26CD48FE00509D35 /* Main.storyboard in Resources */ = {isa = PBXBuildFile; fileRef = DE4325002693AE3300AFE3AD /* Main.storyboard */; };
		DEFFD50726CD5BA400B34A7B /* BaseViewController.swift in Sources */ = {isa = PBXBuildFile; fileRef = DEFFD50626CD5BA400B34A7B /* BaseViewController.swift */; };
		FAADE51734D358790482E43A /* Pods_Insiders.framework in Frameworks */ = {isa = PBXBuildFile; fileRef = 63E9BC2FC151792953FFDBE8 /* Pods_Insiders.framework */; };
/* End PBXBuildFile section */

/* Begin PBXFileReference section */
		3B2E03AA32E43C587A2FAF0F /* Pods-Insiders.debug.xcconfig */ = {isa = PBXFileReference; includeInIndex = 1; lastKnownFileType = text.xcconfig; name = "Pods-Insiders.debug.xcconfig"; path = "Target Support Files/Pods-Insiders/Pods-Insiders.debug.xcconfig"; sourceTree = "<group>"; };
		3D312CA4DF6C21B3D930FE95 /* Pods-Insiders.release.xcconfig */ = {isa = PBXFileReference; includeInIndex = 1; lastKnownFileType = text.xcconfig; name = "Pods-Insiders.release.xcconfig"; path = "Target Support Files/Pods-Insiders/Pods-Insiders.release.xcconfig"; sourceTree = "<group>"; };
		63E9BC2FC151792953FFDBE8 /* Pods_Insiders.framework */ = {isa = PBXFileReference; explicitFileType = wrapper.framework; includeInIndex = 0; path = Pods_Insiders.framework; sourceTree = BUILT_PRODUCTS_DIR; };
		DE382ECC26B43CDA009FD6C1 /* LoginViewModel.swift */ = {isa = PBXFileReference; fileEncoding = 4; lastKnownFileType = sourcecode.swift; path = LoginViewModel.swift; sourceTree = "<group>"; };
		DE382ECF26B43CFE009FD6C1 /* SignUpViewController.swift */ = {isa = PBXFileReference; fileEncoding = 4; lastKnownFileType = sourcecode.swift; path = SignUpViewController.swift; sourceTree = "<group>"; };
		DE382ED026B43CFE009FD6C1 /* RecoverPasswordViewController.swift */ = {isa = PBXFileReference; fileEncoding = 4; lastKnownFileType = sourcecode.swift; path = RecoverPasswordViewController.swift; sourceTree = "<group>"; };
		DE382ED226B43CFE009FD6C1 /* StartViewController.swift */ = {isa = PBXFileReference; fileEncoding = 4; lastKnownFileType = sourcecode.swift; path = StartViewController.swift; sourceTree = "<group>"; };
		DE382ED326B43CFE009FD6C1 /* LoginViewController.swift */ = {isa = PBXFileReference; fileEncoding = 4; lastKnownFileType = sourcecode.swift; path = LoginViewController.swift; sourceTree = "<group>"; };
		DE382EDE26B43D60009FD6C1 /* Home.storyboard */ = {isa = PBXFileReference; fileEncoding = 4; lastKnownFileType = file.storyboard; path = Home.storyboard; sourceTree = "<group>"; };
		DE382EE026B44143009FD6C1 /* GoogleService-Info.plist */ = {isa = PBXFileReference; fileEncoding = 4; lastKnownFileType = text.plist.xml; path = "GoogleService-Info.plist"; sourceTree = "<group>"; };
		DE3B082026C40EA4001008C9 /* String+Extension.swift */ = {isa = PBXFileReference; lastKnownFileType = sourcecode.swift; path = "String+Extension.swift"; sourceTree = "<group>"; };
		DE4324F72693AE3300AFE3AD /* Insiders.app */ = {isa = PBXFileReference; explicitFileType = wrapper.application; includeInIndex = 0; path = Insiders.app; sourceTree = BUILT_PRODUCTS_DIR; };
		DE4324FA2693AE3300AFE3AD /* AppDelegate.swift */ = {isa = PBXFileReference; lastKnownFileType = sourcecode.swift; path = AppDelegate.swift; sourceTree = "<group>"; };
		DE4324FC2693AE3300AFE3AD /* SceneDelegate.swift */ = {isa = PBXFileReference; lastKnownFileType = sourcecode.swift; path = SceneDelegate.swift; sourceTree = "<group>"; };
		DE4325012693AE3300AFE3AD /* Base */ = {isa = PBXFileReference; lastKnownFileType = file.storyboard; name = Base; path = Base.lproj/Main.storyboard; sourceTree = "<group>"; };
		DE4325032693AE3400AFE3AD /* Assets.xcassets */ = {isa = PBXFileReference; lastKnownFileType = folder.assetcatalog; path = Assets.xcassets; sourceTree = "<group>"; };
		DE4325062693AE3400AFE3AD /* Base */ = {isa = PBXFileReference; lastKnownFileType = file.storyboard; name = Base; path = Base.lproj/LaunchScreen.storyboard; sourceTree = "<group>"; };
		DE4325082693AE3400AFE3AD /* Info.plist */ = {isa = PBXFileReference; lastKnownFileType = text.plist.xml; path = Info.plist; sourceTree = "<group>"; };
		DE866C2526D0049000F453BF /* StartViewModel.swift */ = {isa = PBXFileReference; lastKnownFileType = sourcecode.swift; path = StartViewModel.swift; sourceTree = "<group>"; };
		DE981D3826BD6AE1009B1EFC /* SignUpViewModel.swift */ = {isa = PBXFileReference; fileEncoding = 4; lastKnownFileType = sourcecode.swift; path = SignUpViewModel.swift; sourceTree = "<group>"; };
		DE981D3A26BD6B0E009B1EFC /* HomeViewController.swift */ = {isa = PBXFileReference; fileEncoding = 4; lastKnownFileType = sourcecode.swift; path = HomeViewController.swift; sourceTree = "<group>"; };
		DE981D3C26BD7234009B1EFC /* Colors.xcassets */ = {isa = PBXFileReference; lastKnownFileType = folder.assetcatalog; path = Colors.xcassets; sourceTree = "<group>"; };
		DEB0FBB926CEB02800004086 /* Storyboardable.swift */ = {isa = PBXFileReference; lastKnownFileType = sourcecode.swift; path = Storyboardable.swift; sourceTree = "<group>"; };
		DEC7A39C26CA9A830008080E /* RecoverPasswordViewModel.swift */ = {isa = PBXFileReference; fileEncoding = 4; lastKnownFileType = sourcecode.swift; path = RecoverPasswordViewModel.swift; sourceTree = "<group>"; };
		DEC8135E26CC28B2002CCC10 /* Coordinator.swift */ = {isa = PBXFileReference; lastKnownFileType = sourcecode.swift; path = Coordinator.swift; sourceTree = "<group>"; };
		DEC8136026CC2962002CCC10 /* ApplicationCoordinator.swift */ = {isa = PBXFileReference; lastKnownFileType = sourcecode.swift; path = ApplicationCoordinator.swift; sourceTree = "<group>"; };
		DEC8136226CC2A51002CCC10 /* StartCoordinator.swift */ = {isa = PBXFileReference; lastKnownFileType = sourcecode.swift; path = StartCoordinator.swift; sourceTree = "<group>"; };
		DED09EBF26B819F3006E93E4 /* UIViewController+Extension.swift */ = {isa = PBXFileReference; lastKnownFileType = sourcecode.swift; path = "UIViewController+Extension.swift"; sourceTree = "<group>"; };
		DEFFD50626CD5BA400B34A7B /* BaseViewController.swift */ = {isa = PBXFileReference; lastKnownFileType = sourcecode.swift; path = BaseViewController.swift; sourceTree = "<group>"; };
/* End PBXFileReference section */

/* Begin PBXFrameworksBuildPhase section */
		DE4324F42693AE3300AFE3AD /* Frameworks */ = {
			isa = PBXFrameworksBuildPhase;
			buildActionMask = 2147483647;
			files = (
				FAADE51734D358790482E43A /* Pods_Insiders.framework in Frameworks */,
			);
			runOnlyForDeploymentPostprocessing = 0;
		};
/* End PBXFrameworksBuildPhase section */

/* Begin PBXGroup section */
		60C94CC7BD0CD82D16AC04BE /* Frameworks */ = {
			isa = PBXGroup;
			children = (
				63E9BC2FC151792953FFDBE8 /* Pods_Insiders.framework */,
			);
			name = Frameworks;
			sourceTree = "<group>";
		};
		839B5489450B4B81B35B5EC2 /* Pods */ = {
			isa = PBXGroup;
			children = (
				3B2E03AA32E43C587A2FAF0F /* Pods-Insiders.debug.xcconfig */,
				3D312CA4DF6C21B3D930FE95 /* Pods-Insiders.release.xcconfig */,
			);
			path = Pods;
			sourceTree = "<group>";
		};
		DE11C90A26C165480009D733 /* Login */ = {
			isa = PBXGroup;
			children = (
				DE382ED326B43CFE009FD6C1 /* LoginViewController.swift */,
				DE382ECC26B43CDA009FD6C1 /* LoginViewModel.swift */,
			);
			path = Login;
			sourceTree = "<group>";
		};
		DE11C90B26C1658C0009D733 /* SignUp */ = {
			isa = PBXGroup;
			children = (
				DE382ECF26B43CFE009FD6C1 /* SignUpViewController.swift */,
				DE981D3826BD6AE1009B1EFC /* SignUpViewModel.swift */,
			);
			path = SignUp;
			sourceTree = "<group>";
		};
		DE11C90C26C165A40009D733 /* RecoverPassword */ = {
			isa = PBXGroup;
			children = (
				DEC7A39C26CA9A830008080E /* RecoverPasswordViewModel.swift */,
				DE382ED026B43CFE009FD6C1 /* RecoverPasswordViewController.swift */,
			);
			path = RecoverPassword;
			sourceTree = "<group>";
		};
		DE11C90D26C165B80009D733 /* Start */ = {
			isa = PBXGroup;
			children = (
				DE382ED226B43CFE009FD6C1 /* StartViewController.swift */,
				DEC8136226CC2A51002CCC10 /* StartCoordinator.swift */,
				DE866C2526D0049000F453BF /* StartViewModel.swift */,
			);
			path = Start;
			sourceTree = "<group>";
		};
		DE11C90E26C165C80009D733 /* Home */ = {
			isa = PBXGroup;
			children = (
				DE981D3A26BD6B0E009B1EFC /* HomeViewController.swift */,
			);
			path = Home;
			sourceTree = "<group>";
		};
		DE4324EE2693AE3300AFE3AD = {
			isa = PBXGroup;
			children = (
				DE4324F92693AE3300AFE3AD /* Insiders */,
				DE4324F82693AE3300AFE3AD /* Products */,
				839B5489450B4B81B35B5EC2 /* Pods */,
				60C94CC7BD0CD82D16AC04BE /* Frameworks */,
			);
			sourceTree = "<group>";
		};
		DE4324F82693AE3300AFE3AD /* Products */ = {
			isa = PBXGroup;
			children = (
				DE4324F72693AE3300AFE3AD /* Insiders.app */,
			);
			name = Products;
			sourceTree = "<group>";
		};
		DE4324F92693AE3300AFE3AD /* Insiders */ = {
			isa = PBXGroup;
			children = (
				DEB0FBB826CEB00600004086 /* Protocols */,
				DE981D4126BD9F41009B1EFC /* Scenes */,
				DED09EBE26B819C3006E93E4 /* Extensions */,
				DE4324FA2693AE3300AFE3AD /* AppDelegate.swift */,
				DE4324FC2693AE3300AFE3AD /* SceneDelegate.swift */,
				DE4325002693AE3300AFE3AD /* Main.storyboard */,
				DE382EDE26B43D60009FD6C1 /* Home.storyboard */,
				DE382EE026B44143009FD6C1 /* GoogleService-Info.plist */,
				DE4325032693AE3400AFE3AD /* Assets.xcassets */,
				DE4325052693AE3400AFE3AD /* LaunchScreen.storyboard */,
				DE4325082693AE3400AFE3AD /* Info.plist */,
				DE981D3C26BD7234009B1EFC /* Colors.xcassets */,
				DEFFD50626CD5BA400B34A7B /* BaseViewController.swift */,
			);
			path = Insiders;
			sourceTree = "<group>";
		};
		DE981D4126BD9F41009B1EFC /* Scenes */ = {
			isa = PBXGroup;
			children = (
				DEC8136026CC2962002CCC10 /* ApplicationCoordinator.swift */,
				DE11C90E26C165C80009D733 /* Home */,
				DE11C90D26C165B80009D733 /* Start */,
				DE11C90C26C165A40009D733 /* RecoverPassword */,
				DE11C90B26C1658C0009D733 /* SignUp */,
				DE11C90A26C165480009D733 /* Login */,
			);
			path = Scenes;
			sourceTree = "<group>";
		};
		DEB0FBB826CEB00600004086 /* Protocols */ = {
			isa = PBXGroup;
			children = (
				DEC8135E26CC28B2002CCC10 /* Coordinator.swift */,
				DEB0FBB926CEB02800004086 /* Storyboardable.swift */,
			);
			path = Protocols;
			sourceTree = "<group>";
		};
		DED09EBE26B819C3006E93E4 /* Extensions */ = {
			isa = PBXGroup;
			children = (
				DED09EBF26B819F3006E93E4 /* UIViewController+Extension.swift */,
				DE3B082026C40EA4001008C9 /* String+Extension.swift */,
			);
			path = Extensions;
			sourceTree = "<group>";
		};
/* End PBXGroup section */

/* Begin PBXNativeTarget section */
		DE4324F62693AE3300AFE3AD /* Insiders */ = {
			isa = PBXNativeTarget;
			buildConfigurationList = DE43250B2693AE3400AFE3AD /* Build configuration list for PBXNativeTarget "Insiders" */;
			buildPhases = (
				0EF1292DB0DDBA8F66919661 /* [CP] Check Pods Manifest.lock */,
				DE4324F32693AE3300AFE3AD /* Sources */,
				DE4324F42693AE3300AFE3AD /* Frameworks */,
				DE4324F52693AE3300AFE3AD /* Resources */,
				83535185194726B8A3363DA1 /* [CP] Embed Pods Frameworks */,
				DED09EC126B82EA1006E93E4 /* ShellScript */,
			);
			buildRules = (
			);
			dependencies = (
			);
			name = Insiders;
			productName = Insiders;
			productReference = DE4324F72693AE3300AFE3AD /* Insiders.app */;
			productType = "com.apple.product-type.application";
		};
/* End PBXNativeTarget section */

/* Begin PBXProject section */
		DE4324EF2693AE3300AFE3AD /* Project object */ = {
			isa = PBXProject;
			attributes = {
				LastSwiftUpdateCheck = 1250;
				LastUpgradeCheck = 1250;
				TargetAttributes = {
					DE4324F62693AE3300AFE3AD = {
						CreatedOnToolsVersion = 12.5;
					};
				};
			};
			buildConfigurationList = DE4324F22693AE3300AFE3AD /* Build configuration list for PBXProject "Insiders" */;
			compatibilityVersion = "Xcode 9.3";
			developmentRegion = en;
			hasScannedForEncodings = 0;
			knownRegions = (
				en,
				Base,
			);
			mainGroup = DE4324EE2693AE3300AFE3AD;
			productRefGroup = DE4324F82693AE3300AFE3AD /* Products */;
			projectDirPath = "";
			projectRoot = "";
			targets = (
				DE4324F62693AE3300AFE3AD /* Insiders */,
			);
		};
/* End PBXProject section */

/* Begin PBXResourcesBuildPhase section */
		DE4324F52693AE3300AFE3AD /* Resources */ = {
			isa = PBXResourcesBuildPhase;
			buildActionMask = 2147483647;
			files = (
				DE4325072693AE3400AFE3AD /* LaunchScreen.storyboard in Resources */,
				DE4325042693AE3400AFE3AD /* Assets.xcassets in Resources */,
				DE382EE126B44143009FD6C1 /* GoogleService-Info.plist in Resources */,
				DEF6188E26CD48FE00509D35 /* Main.storyboard in Resources */,
				DE981D3D26BD7234009B1EFC /* Colors.xcassets in Resources */,
				DE382EDF26B43D60009FD6C1 /* Home.storyboard in Resources */,
			);
			runOnlyForDeploymentPostprocessing = 0;
		};
/* End PBXResourcesBuildPhase section */

/* Begin PBXShellScriptBuildPhase section */
		0EF1292DB0DDBA8F66919661 /* [CP] Check Pods Manifest.lock */ = {
			isa = PBXShellScriptBuildPhase;
			buildActionMask = 2147483647;
			files = (
			);
			inputFileListPaths = (
			);
			inputPaths = (
				"${PODS_PODFILE_DIR_PATH}/Podfile.lock",
				"${PODS_ROOT}/Manifest.lock",
			);
			name = "[CP] Check Pods Manifest.lock";
			outputFileListPaths = (
			);
			outputPaths = (
				"$(DERIVED_FILE_DIR)/Pods-Insiders-checkManifestLockResult.txt",
			);
			runOnlyForDeploymentPostprocessing = 0;
			shellPath = /bin/sh;
			shellScript = "diff \"${PODS_PODFILE_DIR_PATH}/Podfile.lock\" \"${PODS_ROOT}/Manifest.lock\" > /dev/null\nif [ $? != 0 ] ; then\n    # print error to STDERR\n    echo \"error: The sandbox is not in sync with the Podfile.lock. Run 'pod install' or update your CocoaPods installation.\" >&2\n    exit 1\nfi\n# This output is used by Xcode 'outputs' to avoid re-running this script phase.\necho \"SUCCESS\" > \"${SCRIPT_OUTPUT_FILE_0}\"\n";
			showEnvVarsInLog = 0;
		};
		83535185194726B8A3363DA1 /* [CP] Embed Pods Frameworks */ = {
			isa = PBXShellScriptBuildPhase;
			buildActionMask = 2147483647;
			files = (
			);
			inputFileListPaths = (
				"${PODS_ROOT}/Target Support Files/Pods-Insiders/Pods-Insiders-frameworks-${CONFIGURATION}-input-files.xcfilelist",
			);
			name = "[CP] Embed Pods Frameworks";
			outputFileListPaths = (
				"${PODS_ROOT}/Target Support Files/Pods-Insiders/Pods-Insiders-frameworks-${CONFIGURATION}-output-files.xcfilelist",
			);
			runOnlyForDeploymentPostprocessing = 0;
			shellPath = /bin/sh;
			shellScript = "\"${PODS_ROOT}/Target Support Files/Pods-Insiders/Pods-Insiders-frameworks.sh\"\n";
			showEnvVarsInLog = 0;
		};
		DED09EC126B82EA1006E93E4 /* ShellScript */ = {
			isa = PBXShellScriptBuildPhase;
			buildActionMask = 2147483647;
			files = (
			);
			inputFileListPaths = (
			);
			inputPaths = (
			);
			outputFileListPaths = (
			);
			outputPaths = (
			);
			runOnlyForDeploymentPostprocessing = 0;
			shellPath = /bin/sh;
			shellScript = "# Type a script or drag a script file from your workspace to insert its path.\nif which \"${PODS_ROOT}/SwiftLint/swiftlint\" >/dev/null; then\n  \"${PODS_ROOT}/SwiftLint/swiftlint\"\nelse\n  echo \"warning: SwiftLint not installed, download from https://github.com/realm/SwiftLint\"\nfi\n";
		};
/* End PBXShellScriptBuildPhase section */

/* Begin PBXSourcesBuildPhase section */
		DE4324F32693AE3300AFE3AD /* Sources */ = {
			isa = PBXSourcesBuildPhase;
			buildActionMask = 2147483647;
			files = (
				DE382ED826B43CFE009FD6C1 /* LoginViewController.swift in Sources */,
				DE3B082126C40EA4001008C9 /* String+Extension.swift in Sources */,
				DEC8135F26CC28B2002CCC10 /* Coordinator.swift in Sources */,
				DED09EC026B819F3006E93E4 /* UIViewController+Extension.swift in Sources */,
				DEFFD50726CD5BA400B34A7B /* BaseViewController.swift in Sources */,
				DE382ED526B43CFE009FD6C1 /* RecoverPasswordViewController.swift in Sources */,
				DE866C2626D0049000F453BF /* StartViewModel.swift in Sources */,
				DEB0FBBA26CEB02800004086 /* Storyboardable.swift in Sources */,
				DE382ED726B43CFE009FD6C1 /* StartViewController.swift in Sources */,
				DE382ECD26B43CDA009FD6C1 /* LoginViewModel.swift in Sources */,
				DEF6188C26CD488E00509D35 /* StartCoordinator.swift in Sources */,
				DEC7A39D26CA9A830008080E /* RecoverPasswordViewModel.swift in Sources */,
				DE981D3B26BD6B0E009B1EFC /* HomeViewController.swift in Sources */,
				DE4324FB2693AE3300AFE3AD /* AppDelegate.swift in Sources */,
				DE4324FD2693AE3300AFE3AD /* SceneDelegate.swift in Sources */,
				DE981D3926BD6AE1009B1EFC /* SignUpViewModel.swift in Sources */,
				DE382ED426B43CFE009FD6C1 /* SignUpViewController.swift in Sources */,
				DEC8136126CC2962002CCC10 /* ApplicationCoordinator.swift in Sources */,
			);
			runOnlyForDeploymentPostprocessing = 0;
		};
/* End PBXSourcesBuildPhase section */

/* Begin PBXVariantGroup section */
		DE4325002693AE3300AFE3AD /* Main.storyboard */ = {
			isa = PBXVariantGroup;
			children = (
				DE4325012693AE3300AFE3AD /* Base */,
			);
			name = Main.storyboard;
			sourceTree = "<group>";
		};
		DE4325052693AE3400AFE3AD /* LaunchScreen.storyboard */ = {
			isa = PBXVariantGroup;
			children = (
				DE4325062693AE3400AFE3AD /* Base */,
			);
			name = LaunchScreen.storyboard;
			sourceTree = "<group>";
		};
/* End PBXVariantGroup section */

/* Begin XCBuildConfiguration section */
		DE4325092693AE3400AFE3AD /* Debug */ = {
			isa = XCBuildConfiguration;
			buildSettings = {
				ALWAYS_SEARCH_USER_PATHS = NO;
				CLANG_ANALYZER_NONNULL = YES;
				CLANG_ANALYZER_NUMBER_OBJECT_CONVERSION = YES_AGGRESSIVE;
				CLANG_CXX_LANGUAGE_STANDARD = "gnu++14";
				CLANG_CXX_LIBRARY = "libc++";
				CLANG_ENABLE_MODULES = YES;
				CLANG_ENABLE_OBJC_ARC = YES;
				CLANG_ENABLE_OBJC_WEAK = YES;
				CLANG_WARN_BLOCK_CAPTURE_AUTORELEASING = YES;
				CLANG_WARN_BOOL_CONVERSION = YES;
				CLANG_WARN_COMMA = YES;
				CLANG_WARN_CONSTANT_CONVERSION = YES;
				CLANG_WARN_DEPRECATED_OBJC_IMPLEMENTATIONS = YES;
				CLANG_WARN_DIRECT_OBJC_ISA_USAGE = YES_ERROR;
				CLANG_WARN_DOCUMENTATION_COMMENTS = YES;
				CLANG_WARN_EMPTY_BODY = YES;
				CLANG_WARN_ENUM_CONVERSION = YES;
				CLANG_WARN_INFINITE_RECURSION = YES;
				CLANG_WARN_INT_CONVERSION = YES;
				CLANG_WARN_NON_LITERAL_NULL_CONVERSION = YES;
				CLANG_WARN_OBJC_IMPLICIT_RETAIN_SELF = YES;
				CLANG_WARN_OBJC_LITERAL_CONVERSION = YES;
				CLANG_WARN_OBJC_ROOT_CLASS = YES_ERROR;
				CLANG_WARN_QUOTED_INCLUDE_IN_FRAMEWORK_HEADER = YES;
				CLANG_WARN_RANGE_LOOP_ANALYSIS = YES;
				CLANG_WARN_STRICT_PROTOTYPES = YES;
				CLANG_WARN_SUSPICIOUS_MOVE = YES;
				CLANG_WARN_UNGUARDED_AVAILABILITY = YES_AGGRESSIVE;
				CLANG_WARN_UNREACHABLE_CODE = YES;
				CLANG_WARN__DUPLICATE_METHOD_MATCH = YES;
				COPY_PHASE_STRIP = NO;
				DEBUG_INFORMATION_FORMAT = dwarf;
				ENABLE_STRICT_OBJC_MSGSEND = YES;
				ENABLE_TESTABILITY = YES;
				GCC_C_LANGUAGE_STANDARD = gnu11;
				GCC_DYNAMIC_NO_PIC = NO;
				GCC_NO_COMMON_BLOCKS = YES;
				GCC_OPTIMIZATION_LEVEL = 0;
				GCC_PREPROCESSOR_DEFINITIONS = (
					"DEBUG=1",
					"$(inherited)",
				);
				GCC_WARN_64_TO_32_BIT_CONVERSION = YES;
				GCC_WARN_ABOUT_RETURN_TYPE = YES_ERROR;
				GCC_WARN_UNDECLARED_SELECTOR = YES;
				GCC_WARN_UNINITIALIZED_AUTOS = YES_AGGRESSIVE;
				GCC_WARN_UNUSED_FUNCTION = YES;
				GCC_WARN_UNUSED_VARIABLE = YES;
				IPHONEOS_DEPLOYMENT_TARGET = 14.5;
				MTL_ENABLE_DEBUG_INFO = INCLUDE_SOURCE;
				MTL_FAST_MATH = YES;
				ONLY_ACTIVE_ARCH = YES;
				SDKROOT = iphoneos;
				SWIFT_ACTIVE_COMPILATION_CONDITIONS = DEBUG;
				SWIFT_OPTIMIZATION_LEVEL = "-Onone";
			};
			name = Debug;
		};
		DE43250A2693AE3400AFE3AD /* Release */ = {
			isa = XCBuildConfiguration;
			buildSettings = {
				ALWAYS_SEARCH_USER_PATHS = NO;
				CLANG_ANALYZER_NONNULL = YES;
				CLANG_ANALYZER_NUMBER_OBJECT_CONVERSION = YES_AGGRESSIVE;
				CLANG_CXX_LANGUAGE_STANDARD = "gnu++14";
				CLANG_CXX_LIBRARY = "libc++";
				CLANG_ENABLE_MODULES = YES;
				CLANG_ENABLE_OBJC_ARC = YES;
				CLANG_ENABLE_OBJC_WEAK = YES;
				CLANG_WARN_BLOCK_CAPTURE_AUTORELEASING = YES;
				CLANG_WARN_BOOL_CONVERSION = YES;
				CLANG_WARN_COMMA = YES;
				CLANG_WARN_CONSTANT_CONVERSION = YES;
				CLANG_WARN_DEPRECATED_OBJC_IMPLEMENTATIONS = YES;
				CLANG_WARN_DIRECT_OBJC_ISA_USAGE = YES_ERROR;
				CLANG_WARN_DOCUMENTATION_COMMENTS = YES;
				CLANG_WARN_EMPTY_BODY = YES;
				CLANG_WARN_ENUM_CONVERSION = YES;
				CLANG_WARN_INFINITE_RECURSION = YES;
				CLANG_WARN_INT_CONVERSION = YES;
				CLANG_WARN_NON_LITERAL_NULL_CONVERSION = YES;
				CLANG_WARN_OBJC_IMPLICIT_RETAIN_SELF = YES;
				CLANG_WARN_OBJC_LITERAL_CONVERSION = YES;
				CLANG_WARN_OBJC_ROOT_CLASS = YES_ERROR;
				CLANG_WARN_QUOTED_INCLUDE_IN_FRAMEWORK_HEADER = YES;
				CLANG_WARN_RANGE_LOOP_ANALYSIS = YES;
				CLANG_WARN_STRICT_PROTOTYPES = YES;
				CLANG_WARN_SUSPICIOUS_MOVE = YES;
				CLANG_WARN_UNGUARDED_AVAILABILITY = YES_AGGRESSIVE;
				CLANG_WARN_UNREACHABLE_CODE = YES;
				CLANG_WARN__DUPLICATE_METHOD_MATCH = YES;
				COPY_PHASE_STRIP = NO;
				DEBUG_INFORMATION_FORMAT = "dwarf-with-dsym";
				ENABLE_NS_ASSERTIONS = NO;
				ENABLE_STRICT_OBJC_MSGSEND = YES;
				GCC_C_LANGUAGE_STANDARD = gnu11;
				GCC_NO_COMMON_BLOCKS = YES;
				GCC_WARN_64_TO_32_BIT_CONVERSION = YES;
				GCC_WARN_ABOUT_RETURN_TYPE = YES_ERROR;
				GCC_WARN_UNDECLARED_SELECTOR = YES;
				GCC_WARN_UNINITIALIZED_AUTOS = YES_AGGRESSIVE;
				GCC_WARN_UNUSED_FUNCTION = YES;
				GCC_WARN_UNUSED_VARIABLE = YES;
				IPHONEOS_DEPLOYMENT_TARGET = 14.5;
				MTL_ENABLE_DEBUG_INFO = NO;
				MTL_FAST_MATH = YES;
				SDKROOT = iphoneos;
				SWIFT_COMPILATION_MODE = wholemodule;
				SWIFT_OPTIMIZATION_LEVEL = "-O";
				VALIDATE_PRODUCT = YES;
			};
			name = Release;
		};
		DE43250C2693AE3400AFE3AD /* Debug */ = {
			isa = XCBuildConfiguration;
			baseConfigurationReference = 3B2E03AA32E43C587A2FAF0F /* Pods-Insiders.debug.xcconfig */;
			buildSettings = {
				ASSETCATALOG_COMPILER_APPICON_NAME = AppIcon;
				ASSETCATALOG_COMPILER_GLOBAL_ACCENT_COLOR_NAME = AccentColor;
				CODE_SIGN_STYLE = Automatic;
				INFOPLIST_FILE = Insiders/Info.plist;
				LD_RUNPATH_SEARCH_PATHS = (
					"$(inherited)",
					"@executable_path/Frameworks",
				);
				PRODUCT_BUNDLE_IDENTIFIER = com.invillia.project.Insiders;
				PRODUCT_NAME = "$(TARGET_NAME)";
				SWIFT_VERSION = 5.0;
				TARGETED_DEVICE_FAMILY = "1,2";
			};
			name = Debug;
		};
		DE43250D2693AE3400AFE3AD /* Release */ = {
			isa = XCBuildConfiguration;
			baseConfigurationReference = 3D312CA4DF6C21B3D930FE95 /* Pods-Insiders.release.xcconfig */;
			buildSettings = {
				ASSETCATALOG_COMPILER_APPICON_NAME = AppIcon;
				ASSETCATALOG_COMPILER_GLOBAL_ACCENT_COLOR_NAME = AccentColor;
				CODE_SIGN_STYLE = Automatic;
				INFOPLIST_FILE = Insiders/Info.plist;
				LD_RUNPATH_SEARCH_PATHS = (
					"$(inherited)",
					"@executable_path/Frameworks",
				);
				PRODUCT_BUNDLE_IDENTIFIER = com.invillia.project.Insiders;
				PRODUCT_NAME = "$(TARGET_NAME)";
				SWIFT_VERSION = 5.0;
				TARGETED_DEVICE_FAMILY = "1,2";
			};
			name = Release;
		};
/* End XCBuildConfiguration section */

/* Begin XCConfigurationList section */
		DE4324F22693AE3300AFE3AD /* Build configuration list for PBXProject "Insiders" */ = {
			isa = XCConfigurationList;
			buildConfigurations = (
				DE4325092693AE3400AFE3AD /* Debug */,
				DE43250A2693AE3400AFE3AD /* Release */,
			);
			defaultConfigurationIsVisible = 0;
			defaultConfigurationName = Release;
		};
		DE43250B2693AE3400AFE3AD /* Build configuration list for PBXNativeTarget "Insiders" */ = {
			isa = XCConfigurationList;
			buildConfigurations = (
				DE43250C2693AE3400AFE3AD /* Debug */,
				DE43250D2693AE3400AFE3AD /* Release */,
			);
			defaultConfigurationIsVisible = 0;
			defaultConfigurationName = Release;
		};
/* End XCConfigurationList section */
	};
	rootObject = DE4324EF2693AE3300AFE3AD /* Project object */;
}
